
Microsoft Visual Studio Solution File, Format Version 12.00
# Visual Studio 15
VisualStudioVersion = 15.0.27428.2027
MinimumVisualStudioVersion = 10.0.40219.1
Project("{FAE04EC0-301F-11D3-BF4B-00C04F79EFBC}") = "VivoResidencial", "VivoResidencial\VivoResidencial.csproj", "{BC000B9D-71E3-424F-AC9A-2825D84D38ED}"
EndProject
Global
	GlobalSection(SolutionConfigurationPlatforms) = preSolution
		Debug|Any CPU = Debug|Any CPU
		Release|Any CPU = Release|Any CPU
	EndGlobalSection
	GlobalSection(ProjectConfigurationPlatforms) = postSolution
		{BC000B9D-71E3-424F-AC9A-2825D84D38ED}.Debug|Any CPU.ActiveCfg = Debug|Any CPU
		{BC000B9D-71E3-424F-AC9A-2825D84D38ED}.Debug|Any CPU.Build.0 = Debug|Any CPU
		{BC000B9D-71E3-424F-AC9A-2825D84D38ED}.Release|Any CPU.ActiveCfg = Release|Any CPU
		{BC000B9D-71E3-424F-AC9A-2825D84D38ED}.Release|Any CPU.Build.0 = Release|Any CPU
	EndGlobalSection
	GlobalSection(SolutionProperties) = preSolution
		HideSolutionNode = FALSE
	EndGlobalSection
	GlobalSection(ExtensibilityGlobals) = postSolution
		SolutionGuid = {EC0FB2B0-EF8A-49B1-ABCD-32AE29C3F4D3}
	EndGlobalSection
EndGlobal
